{
  "name": "@microsoft/parsers-logic-apps",
  "version": "2.112.0",
  "lockfileVersion": 2,
  "requires": true,
  "packages": {
    "": {
      "name": "@microsoft/parsers-logic-apps",
      "version": "2.112.0",
      "dependencies": {
        "@microsoft/intl-logic-apps": "file:../services/intl",
        "@microsoft/utils-logic-apps": "file:../utils"
      }
    },
    "../services/intl": {
      "name": "@microsoft/intl-logic-apps",
      "version": "2.112.0"
    },
    "../utils": {
      "name": "@microsoft/utils-logic-apps",
      "version": "2.112.0"
    },
    "node_modules/@microsoft/intl-logic-apps": {
      "resolved": "../services/intl",
      "link": true
    },
    "node_modules/@microsoft/utils-logic-apps": {
      "resolved": "../utils",
      "link": true
    }
  },
  "dependencies": {
    "@microsoft/intl-logic-apps": {
      "version": "file:../services/intl"
    },
    "@microsoft/utils-logic-apps": {
      "version": "file:../utils"
    }
  }
}
